[[package]]
name = "aiohttp"
version = "3.3.2"
description = "Async http client/server framework (asyncio)"
category = "main"
optional = false
python-versions = ">=3.5.3"
platform = "*"

[package.dependencies]
idna-ssl = ">=1.0"
yarl = ">=1.0,<2.0"
async-timeout = ">=3.0,<4.0"
multidict = ">=4.0,<5.0"
chardet = ">=2.0,<4.0"
attrs = ">=17.3.0"
[[package]]
name = "aliyun-python-sdk-core"
version = "2.3.5"
description = "The core module of Aliyun Python SDK."
category = "dev"
optional = true
python-versions = "*"
platform = "any"

[[package]]
name = "aliyun-python-sdk-core-v3"
version = "2.8.9"
description = "The core module of Aliyun Python3 SDK."
category = "dev"
optional = true
python-versions = ">=3"
platform = "any"

[package.dependencies]
pycryptodome = ">=3.4.7"
[[package]]
name = "aliyun-python-sdk-kms"
version = "2.5.0"
description = "The kms module of Aliyun Python sdk."
category = "dev"
optional = true
python-versions = "*"
platform = "any"

[package.dependencies]
aliyun-python-sdk-core = ">=2.0.2"
[[package]]
name = "async-generator"
version = "1.9"
description = "Async generators and context managers for Python 3.5+"
category = "dev"
optional = false
python-versions = ">=3.5"
platform = "*"

[package.requirements]
python = ">=3.5,<3.6"
[[package]]
name = "async-timeout"
version = "3.0.0"
description = "Timeout context manager for asyncio programs"
category = "main"
optional = false
python-versions = ">=3.5.3"
platform = "*"

[[package]]
name = "atomicwrites"
version = "1.1.5"
description = "Atomic file writes."
category = "dev"
optional = false
python-versions = "*"
platform = "UNKNOWN"

[[package]]
name = "attrs"
version = "18.1.0"
description = "Classes Without Boilerplate"
category = "main"
optional = false
python-versions = "*"
platform = "*"

[[package]]
name = "chardet"
version = "3.0.4"
description = "Universal encoding detector for Python 2 and 3"
category = "main"
optional = false
python-versions = "*"
platform = "*"

[[package]]
name = "colorama"
version = "0.3.9"
description = "Cross-platform colored terminal text."
category = "dev"
optional = false
python-versions = "*"
platform = "UNKNOWN"

[package.requirements]
platform = "win32"
[[package]]
name = "idna"
version = "2.7"
description = "Internationalized Domain Names in Applications (IDNA)"
category = "main"
optional = false
python-versions = "*"
platform = "*"

[[package]]
name = "idna-ssl"
version = "1.0.1"
description = "Patch ssl.match_hostname for Unicode(idna) domains support"
category = "main"
optional = false
python-versions = "<3.7.0"
platform = "*"

[package.dependencies]
idna = ">=2.0"
[[package]]
name = "more-itertools"
version = "4.2.0"
description = "More routines for operating on iterables, beyond itertools"
category = "dev"
optional = false
python-versions = "*"
platform = "*"

[package.dependencies]
six = ">=1.0.0,<2.0.0"
[[package]]
name = "multidict"
version = "4.3.1"
description = "multidict implementation"
category = "main"
optional = false
python-versions = ">=3.4.1"
platform = "*"

[[package]]
name = "pluggy"
version = "0.6.0"
description = "plugin and hook calling mechanisms for python"
category = "dev"
optional = false
python-versions = ">=2.7, !=3.0.*, !=3.1.*, !=3.2.*, !=3.3.*"
platform = "unix"

[[package]]
name = "py"
version = "1.5.3"
description = "library with cross-python path, ini-parsing, io, code, log facilities"
category = "dev"
optional = false
python-versions = ">=2.7, !=3.0.*, !=3.1.*, !=3.2.*, !=3.3.*"
platform = "unix"

[[package]]
name = "pycryptodome"
version = "3.6.1"
description = "Cryptographic library for Python"
category = "dev"
optional = true
python-versions = "*"
platform = "Posix; MacOS X; Windows"

[[package]]
name = "pytest"
version = "3.6.1"
description = "pytest: simple powerful testing with Python"
category = "dev"
optional = false
python-versions = ">=2.7, !=3.0.*, !=3.1.*, !=3.2.*, !=3.3.*"
platform = "unix"

[package.dependencies]
pluggy = ">=0.5,<0.7"
atomicwrites = ">=1.0"
more-itertools = ">=4.0.0"
attrs = ">=17.4.0"
setuptools = "*"
six = ">=1.10.0"
py = ">=1.5.0"
[package.dependencies.colorama]
version = "*"
platform = "win32"
[[package]]
name = "pytest-asyncio"
version = "0.8.0"
description = "Pytest support for asyncio."
category = "dev"
optional = false
python-versions = ">= 3.5"
platform = "*"

[package.dependencies]
pytest = ">=3.0.6"
[package.dependencies.async-generator]
version = ">=1.3"
python = ">=3.5,<3.6"
[[package]]
name = "six"
version = "1.11.0"
description = "Python 2 and 3 compatibility utilities"
category = "dev"
optional = false
python-versions = "*"
platform = "*"

[[package]]
name = "yarl"
version = "1.2.6"
description = "Yet another URL library"
category = "main"
optional = false
python-versions = ">=3.5.3"
platform = "*"

[package.dependencies]
idna = ">=2.0"
multidict = ">=4.0"

[metadata]
python-versions = ">=3.5"
platform = "*"
content-hash = "01c700dc9d6c35ef281a7916579736a5b708e2f27eb80b41b51673508358593f"

[metadata.hashes]
aiohttp = [ "dd81d85a342edf3d2a388e2f24d9facebc9c04550043888f970ee2f228c93059", "1a112a1fdf3802b7f2b182e22e51d71e4a8fa7387d0d38e79a268921b869e384", "601e8e83123b4d423a9dfddf7d6943f4f520651a78ffcd50c99d065136c7ff7b", "f52e7287eb9286a1e91e4c67c207c2573147fbaddc68f70efb5aeee5d1992f2e", "7de2c9e445a5d257935011268202338538abef1aaff341a4733eca56419ca6f6", "fe7b2972ff7e779e812f974aa5695edc328ecf559ceeea887ac46f06f090ad4c", "c833aa6f4c9ac3e3eb843e3d999bae51339ad33a937303f43ce78064e61cb4b6", "550b4a0788500f6d00f41b7fdd9fcce6d78f99706a7b2f6f81d4d331c7ca468e", "ae7501cc6a6c37b8d4774bf2218c37be47fe42019a2570e8510fc2044e59d573", "70d56c784da1239c89d39fefa166fd429306dada641178389be4184a9c04e501", "f20deec7a3fbaec7b5eb7ad99878427ad2ee4cc16a46732b705e8121cbb3cc12",]
aliyun-python-sdk-core = [ "a8d668086e4bf61e7d1c431bf86e1e13ddfb56e71c00b0060c0b78700da3dd1f",]
aliyun-python-sdk-core-v3 = [ "9e36815344ec7dec8280914952fbaebb928fbe9fe706a413bed54b13f9287570",]
aliyun-python-sdk-kms = [ "0e485202b3ee6776f9dd0722a08860d9e8b38c7dad429494e10c5cea90147159",]
async-generator = [ "2f45541002a14f80fffc6d52788f92470ff0d9bfe81c434ea8cd60babe43de9e", "b7d5465c6174fe86dba498ececb175f93a6097ffb7cc91946405e1f05b848371",]
async-timeout = [ "474d4bc64cee20603e225eb1ece15e248962958b45a3648a9f5cc29e827a610c", "b3c0ddc416736619bd4a95ca31de8da6920c3b9a140c64dbef2b2fa7bf521287",]
atomicwrites = [ "a24da68318b08ac9c9c45029f4a10371ab5b20e4226738e150e6e7c571630ae6", "240831ea22da9ab882b551b31d4225591e5e447a68c5e188db5b89ca1d487585",]
attrs = [ "4b90b09eeeb9b88c35bc642cbac057e45a5fd85367b985bd2809c62b7b939265", "e0d0eb91441a3b53dab4d9b743eafc1ac44476296a2053b6ca3af0b139faf87b",]
chardet = [ "fc323ffcaeaed0e0a02bf4d117757b98aed530d9ed4531e3e15460124c106691", "84ab92ed1c4d4f16916e05906b6b75a6c0fb5db821cc65e70cbd64a3e2a5eaae",]
colorama = [ "463f8483208e921368c9f306094eb6f725c6ca42b0f97e313cb5d5512459feda", "48eb22f4f8461b1df5734a074b57042430fb06e1d61bd1e11b078c0fe6d7a1f1",]
idna = [ "156a6814fb5ac1fc6850fb002e0852d56c0c8d2531923a51032d1b70760e186e", "684a38a6f903c1d71d6d5fac066b58d7768af4de2b832e426ec79c30daa94a16",]
idna-ssl = [ "1293f030bc608e9aa9cdee72aa93c1521bbb9c7698068c61c9ada6772162b979",]
more-itertools = [ "a18d870ef2ffca2b8463c0070ad17b5978056f403fb64e3f15fe62a52db21cc0", "6703844a52d3588f951883005efcf555e49566a48afd4db4e965d69b883980d3", "2b6b9893337bfd9166bee6a62c2b0c9fe7735dcf85948b387ec8cba30e85d8e8",]
multidict = [ "a6e35d28900cf87bcc11e6ca9e474db0099b78f0be0a41d95bef02d49101b5b2", "a59d58ee85b11f337b54933e8d758b2356fcdcc493248e004c9c5e5d11eedbe4", "2eb99617c7a0e9f2b90b64bc1fb742611718618572747d6f3d6532b7b78755ab", "1d6e191965505652f194bc4c40270a842922685918a4f45e6936a6b15cc5816d", "bbd5a6bffd3ba8bfe75b16b5e28af15265538e8be011b0b9fddc7d86a453fd4a", "e9404e2e19e901121c3c5c6cffd5a8ae0d1d67919c970e3b3262231175713068", "d870f399fcd58a1889e93008762a3b9a27cf7ea512818fc6e689f59495648355", "295961a6a88f1199e19968e15d9b42f3a191c89ec13034dbc212bf9c394c3c82", "2be5af084de6c3b8e20d6421cb0346378a9c867dcf7c86030d6b0b550f9888e4", "b4df7ca9c01018a51e43937eaa41f2f5dce17a6382fda0086403bcb1f5c2cf8e", "4ba654c6b5ad1ae4a4d792abeb695b29ce981bb0f157a41d0fd227b385f2bef0", "1a1d76374a1e7fe93acef96b354a03c1d7f83e7512e225a527d283da0d7ba5e0", "5ba766433c30d703f6b2c17eb0b6826c6f898e5f58d89373e235f07764952314",]
pluggy = [ "d345c8fe681115900d6da8d048ba67c25df42973bda370783cd58826442dcd7c", "e160a7fcf25762bb60efc7e171d4497ff1d8d2d75a3d0df7a21b76821ecbf5c5", "7f8ae7f5bdf75671a718d2daf0a64b7885f74510bcd98b1a0bb420eb9a9d0cff",]
py = [ "983f77f3331356039fdd792e9220b7b8ee1aa6bd2b25f567a963ff1de5a64f6a", "29c9fab495d7528e80ba1e343b958684f4ace687327e6f789a94bf3d1915f881",]
pycryptodome = [ "322f239e51fda80233762400a8975ab728639b571fa58545b95b9c44042af010", "bcfdb66d6604882c3f96eea922552c2487cc0aec4b883cd217b9d341d2f8fad0", "ebc579c41fe26748dc1bad4f9105f08740ee28826293a28103b3875968695a5e", "97cc46ff02b99dafdc2e0385b325cec0f8a15bf8b285d6ed1d7e4a3bc2067ce1", "7c73d3798fe2946953768b788ce554c0d4b390780f5e73d63bd833241af27bfe", "043c82cd3dd3120286a1b325ace93000cf52abb13a067c3ecb6220f874fe4c30", "ab2c633bfc23cf41be9281228517cb6f87879f4f1aeb154ed72bd53ab7cc83e9", "ed94cb1b4bf24be734f2bf2db3e8ea75f3914d2f8e684291bee54bbe4a5a9151", "a561b59e0c3548eb649af381b7c38c6fd8392bbd4d0a8214794b2b761f405af4", "c08c053eb8716bbbd5e13e38f453b9e46a063e68df8659f3c421dcb7519fd381", "27bd2878200690b050dca34f505b5c623532324b3de40267c1484784063134df", "2354a77051ed4a2959ce2aac508071eb3e42fc348ea39228b2eac335990bf508", "733d5eb7e5ceed8b9d0b3c24c81f52c04cb5de6786461388204fceefe4456aa5", "19d81b92bff837cdade735b9023808556bb4868e1ce194dad4d5ec4e2b2851f3", "b4a3b710287eb1fc3e2cc1af018063f003530dff00c9ea4c55ae19bc1f3923cc", "49a71eb990af30ff6276cfe201eb83ed3640ae989c1b5973f7b55a46c94232d1", "adb54316998337f315520bbd8ef4d8bbd940b4ddfaef8ba1db3c137c5e499399", "6d34fe5134eb5d62368e21e6f203ac1770bc7273e9536c4a280121312c2de53a", "97af76f5200f15e97cac58d77f319dec40b4bada98de697c91a9517e63b41d1a", "1ceb3e87605c4f0080115a8a00abf45f5df27b0166a37fd669fbff4523273cfc", "fc569682f012b1f62f8d28d8f9bc71f1de67648cd1bc124ef8ccf8db4edfc28a", "f5e19802295e63bdf83bb92849285c01f7167840efb1c1e08507a50b10ba7efa", "0cdd73492859d853f60b8185715312dbca465879661e28d354d1cf5ea11860e7", "e51da4ef9d9e2695a04044152f380c2db17adc9fc6fad8e24d863ead9cd548ed", "e850e07f54dc3de9a1efdd59d227fcd1cb30cdd307dafdc647c79e8f30cf5032", "4b5a2680008da3ac0cef2d3661597e0cbf8a3eb19eed35b859fd67e2de63eb85", "15013007e393d0cc0e69f4329a47c4c8597b7f3d02c12c03f805405542f70c71",]
pytest = [ "26838b2bc58620e01675485491504c3aa7ee0faf335c37fcd5f8731ca4319591", "32c49a69566aa7c333188149ad48b58ac11a426d5352ea3d8f6ce843f88199cb",]
pytest-asyncio = [ "286b50773e996c80d894b95afaf45df6952408a67a59979ca9839f94693ec7fd", "f32804bb58a66e13a3eda11f8942a71b1b6a30466b0d2ffe9214787aab0e172e",]
six = [ "832dc0e10feb1aa2c68dcc57dbb658f1c7e65b9b61af69048abc87a2db00a0eb", "70e8a77beed4562e7f14fe23a786b54f6296e34344c23bc42f07b15018ff98e9",]
yarl = [ "4aec0769f1799a9d4496827292c02a7b1f75c0bab56ab2b60dd94ebb57cbd5ee", "f17495e6fe3d377e3faac68121caef6f974fcb9e046bc075bcff40d8e5cc69a4", "6c098b85442c8fe3303e708bbb775afd0f6b29f77612e8892627bcab4b939357", "f85900b9cca0c67767bb61b2b9bd53208aaa7373dae633dbe25d179b4bf38aa7", "55369d95afaacf2fa6b49c84d18b51f1704a6560c432a0f9a1aeb23f7b971308", "db6f70a4b09cde813a4807843abaaa60f3b15fb4a2a06f9ae9c311472662daa1", "2556b779125621b311844a072e0ed367e8409a18fa12cbd68eb1258d187820f9", "9182cd6f93412d32e009020a44d6d170d2093646464a88aeec2aef50592f8c78", "c8cbc21bbfa1dd7d5386d48cc814fe3d35b80f60299cdde9279046f399c3b0d8",]
